# This file is automatically @generated by Cargo.
# It is not intended for manual editing.
version = 4

[[package]]
name = "tcp-visr"
version = "0.0.0"

[[package]]
name = "tcpvisr-core"
version = "0.0.0"

[[package]]
name = "tcpvisr-engine"
version = "0.0.0"

[[package]]
name = "tcpvisr-enrich"
version = "0.0.0"

[[package]]
name = "tcpvisr-ingest"
version = "0.0.0"

[[package]]
name = "tcpvisr-tui"
version = "0.0.0"
